{
  "object": {
    "pins": [
      {
        "package": "VideoKit",
        "repositoryURL": "https://github.com/Video-io/VideoKit-iOS",
        "state": {
          "branch": null,
          "revision": "5deb5c7215ae5eb27d055a0abb639cb2d123c697",
          "version": "1.0.4"
        }
      }
    ]
  },
  "version": 1
}
